{
    "_readme": [
        "This file locks the dependencies of your project to a known state",
        "Read more about it at http://getcomposer.org/doc/01-basic-usage.md#composer-lock-the-lock-file",
        "This file is @generated automatically"
    ],
    "hash": "7d1efcf4a1706ca0c9ceec457b2b151e",
    "packages": [
        {
            "name": "pear/math_combinatorics",
            "version": "dev-trunk",
            "source": {
                "type": "git",
                "url": "https://github.com/pear/Math_Combinatorics.git",
                "reference": "fcd446c3286db49334e3e6346ee24730a5594dc8"
            },
            "dist": {
                "type": "zip",
                "url": "https://api.github.com/repos/pear/Math_Combinatorics/zipball/fcd446c3286db49334e3e6346ee24730a5594dc8",
                "reference": "fcd446c3286db49334e3e6346ee24730a5594dc8",
                "shasum": ""
            },
            "require": {
                "pear/pear_exception": "*"
            },
            "require-dev": {
                "phpunit/phpunit": "*"
            },
            "type": "library",
            "autoload": {
                "classmap": [
                    "./"
                ]
            },
            "license": [
                "LGPL"
            ],
            "authors": [
                {
                    "email": "shangxiao@php.net",
                    "name": "David Sanders",
                    "role": "Lead"
                }
            ],
            "description": "More info available on: http://pear.php.net/package/Math_Combinatorics",
            "support": {
                "issues": "http://pear.php.net/bugs/search.php?cmd=display&package_name[]=Math_Combinatorics",
                "source": "https://github.com/pear/Math_Combinatorics"
            },
            "time": "2014-02-21 11:51:02"
        },
        {
            "name": "pear/pear_exception",
            "version": "v1.0.0",
            "source": {
                "type": "git",
                "url": "https://github.com/pear/PEAR_Exception.git",
                "reference": "8c18719fdae000b690e3912be401c76e406dd13b"
            },
            "dist": {
                "type": "zip",
                "url": "https://api.github.com/repos/pear/PEAR_Exception/zipball/8c18719fdae000b690e3912be401c76e406dd13b",
                "reference": "8c18719fdae000b690e3912be401c76e406dd13b",
                "shasum": ""
            },
            "require": {
                "php": ">=4.4.0"
            },
            "require-dev": {
                "phpunit/phpunit": "*"
            },
            "type": "class",
            "extra": {
                "branch-alias": {
                    "dev-master": "1.0.x-dev"
                }
            },
            "autoload": {
                "psr-0": {
                    "PEAR": ""
                }
            },
            "notification-url": "https://packagist.org/downloads/",
            "include-path": [
                "."
            ],
            "license": [
                "BSD-2-Clause"
            ],
            "authors": [
                {
                    "name": "Helgi Thormar",
                    "email": "dufuz@php.net"
                },
                {
                    "name": "Greg Beaver",
                    "email": "cellog@php.net"
                }
            ],
            "description": "The PEAR Exception base class.",
            "homepage": "https://github.com/pear/PEAR_Exception",
            "keywords": [
                "exception"
            ],
            "time": "2015-02-10 20:07:52"
        }
    ],
    "packages-dev": [],
    "aliases": [],
    "minimum-stability": "stable",
    "stability-flags": {
        "pear/math_combinatorics": 20
    },
    "prefer-stable": false,
    "prefer-lowest": false,
    "platform": [],
    "platform-dev": []
}
